
Microsoft Visual Studio Solution File, Format Version 11.00
# Visual Studio 2010
Project("{FAE04EC0-301F-11D3-BF4B-00C04F79EFBC}") = "Assembly-CSharp", "Assembly-CSharp.csproj", "{e30d4b2b-6210-493a-da4d-7f177634eebf}"
EndProject
Project("{FAE04EC0-301F-11D3-BF4B-00C04F79EFBC}") = "Unity.2D.Tilemap.Extras", "Unity.2D.Tilemap.Extras.csproj", "{539f5087-7d50-eda8-eb34-18aafc1387b9}"
EndProject
Project("{FAE04EC0-301F-11D3-BF4B-00C04F79EFBC}") = "Unity.2D.Tilemap.Extras.Editor", "Unity.2D.Tilemap.Extras.Editor.csproj", "{6a878a38-d46d-5e0e-03be-bf47c39b0ab9}"
EndProject
Project("{FAE04EC0-301F-11D3-BF4B-00C04F79EFBC}") = "Unity.2D.Tilemap.Extras.Placeholder.EditorTests", "Unity.2D.Tilemap.Extras.Placeholder.EditorTests.csproj", "{6dc8b744-6835-5117-fa4e-00bf98af4b34}"
EndProject
Global
	GlobalSection(SolutionConfigurationPlatforms) = preSolution
		Debug|Any CPU = Debug|Any CPU
	EndGlobalSection
	GlobalSection(ProjectConfigurationPlatforms) = postSolution
		{e30d4b2b-6210-493a-da4d-7f177634eebf}.Debug|Any CPU.ActiveCfg = Debug|Any CPU
		{e30d4b2b-6210-493a-da4d-7f177634eebf}.Debug|Any CPU.Build.0 = Debug|Any CPU
		{539f5087-7d50-eda8-eb34-18aafc1387b9}.Debug|Any CPU.ActiveCfg = Debug|Any CPU
		{539f5087-7d50-eda8-eb34-18aafc1387b9}.Debug|Any CPU.Build.0 = Debug|Any CPU
		{6a878a38-d46d-5e0e-03be-bf47c39b0ab9}.Debug|Any CPU.ActiveCfg = Debug|Any CPU
		{6a878a38-d46d-5e0e-03be-bf47c39b0ab9}.Debug|Any CPU.Build.0 = Debug|Any CPU
		{6dc8b744-6835-5117-fa4e-00bf98af4b34}.Debug|Any CPU.ActiveCfg = Debug|Any CPU
		{6dc8b744-6835-5117-fa4e-00bf98af4b34}.Debug|Any CPU.Build.0 = Debug|Any CPU
	EndGlobalSection
	GlobalSection(SolutionProperties) = preSolution
		HideSolutionNode = FALSE
	EndGlobalSection
EndGlobal
